
Microsoft Visual Studio Solution File, Format Version 12.00
# Visual Studio Version 16
VisualStudioVersion = 16.0.30413.136
MinimumVisualStudioVersion = 10.0.40219.1
Project("{FAE04EC0-301F-11D3-BF4B-00C04F79EFBC}") = "kolkokrzyzyk", "kolkokrzyzyk.csproj", "{F6866668-A4E0-4E4B-BDB8-8101F24E58DD}"
EndProject
Global
	GlobalSection(SolutionConfigurationPlatforms) = preSolution
		Debug|Any CPU = Debug|Any CPU
		Release|Any CPU = Release|Any CPU
	EndGlobalSection
	GlobalSection(ProjectConfigurationPlatforms) = postSolution
		{F6866668-A4E0-4E4B-BDB8-8101F24E58DD}.Debug|Any CPU.ActiveCfg = Debug|Any CPU
		{F6866668-A4E0-4E4B-BDB8-8101F24E58DD}.Debug|Any CPU.Build.0 = Debug|Any CPU
		{F6866668-A4E0-4E4B-BDB8-8101F24E58DD}.Release|Any CPU.ActiveCfg = Release|Any CPU
		{F6866668-A4E0-4E4B-BDB8-8101F24E58DD}.Release|Any CPU.Build.0 = Release|Any CPU
	EndGlobalSection
	GlobalSection(SolutionProperties) = preSolution
		HideSolutionNode = FALSE
	EndGlobalSection
	GlobalSection(ExtensibilityGlobals) = postSolution
		SolutionGuid = {BB450DC0-022C-4A9B-B93B-B72E4B750E82}
	EndGlobalSection
EndGlobal
